{
  "version": 4,
  "terraform_version": "1.9.5",
  "serial": 7,
  "lineage": "41806941-4b80-ef1a-150a-4971dcd36213",
  "outputs": {},
  "resources": [
    {
      "mode": "managed",
      "type": "azurerm_resource_group",
      "name": "yuri-bot-t-group",
      "provider": "provider[\"registry.terraform.io/hashicorp/azurerm\"]",
      "instances": [
        {
          "schema_version": 0,
          "attributes": {
            "id": "/subscriptions/250ae9c3-6c33-4030-b72a-ed22fce22920/resourceGroups/yuri-bot-t-group",
            "location": "eastus2",
            "managed_by": "",
            "name": "yuri-bot-t-group",
            "tags": {},
            "timeouts": null
          },
          "sensitive_attributes": [],
          "private": "eyJlMmJmYjczMC1lY2FhLTExZTYtOGY4OC0zNDM2M2JjN2M0YzAiOnsiY3JlYXRlIjo1NDAwMDAwMDAwMDAwLCJkZWxldGUiOjU0MDAwMDAwMDAwMDAsInJlYWQiOjMwMDAwMDAwMDAwMCwidXBkYXRlIjo1NDAwMDAwMDAwMDAwfX0="
        }
      ]
    },
    {
      "mode": "managed",
      "type": "azurerm_service_plan",
      "name": "yuri-bot-t-sp",
      "provider": "provider[\"registry.terraform.io/hashicorp/azurerm\"]",
      "instances": [
        {
          "schema_version": 1,
          "attributes": {
            "app_service_environment_id": "",
            "id": "/subscriptions/250ae9c3-6c33-4030-b72a-ed22fce22920/resourceGroups/yuri-bot-t-group/providers/Microsoft.Web/serverFarms/yuri-bot-t-sp",
            "kind": "app",
            "location": "eastus2",
            "maximum_elastic_worker_count": 1,
            "name": "yuri-bot-t-sp",
            "os_type": "Windows",
            "per_site_scaling_enabled": false,
            "reserved": false,
            "resource_group_name": "yuri-bot-t-group",
            "sku_name": "S1",
            "tags": {},
            "timeouts": null,
            "worker_count": 1,
            "zone_balancing_enabled": false
          },
          "sensitive_attributes": [],
          "private": "eyJlMmJmYjczMC1lY2FhLTExZTYtOGY4OC0zNDM2M2JjN2M0YzAiOnsiY3JlYXRlIjozNjAwMDAwMDAwMDAwLCJkZWxldGUiOjM2MDAwMDAwMDAwMDAsInJlYWQiOjMwMDAwMDAwMDAwMCwidXBkYXRlIjozNjAwMDAwMDAwMDAwfSwic2NoZW1hX3ZlcnNpb24iOiIxIn0=",
          "dependencies": [
            "azurerm_resource_group.yuri-bot-t-group"
          ]
        }
      ]
    },
    {
      "mode": "managed",
      "type": "azurerm_windows_web_app",
      "name": "yuri-bot-t-app",
      "provider": "provider[\"registry.terraform.io/hashicorp/azurerm\"]",
      "instances": [
        {
          "schema_version": 1,
          "attributes": {
            "app_settings": {},
            "auth_settings": [],
            "auth_settings_v2": [],
            "backup": [],
            "client_affinity_enabled": false,
            "client_certificate_enabled": false,
            "client_certificate_exclusion_paths": "",
            "client_certificate_mode": "Required",
            "connection_string": [],
            "custom_domain_verification_id": "A20FD1DD24553625936AB5B41DE2EF7587D48487C39A0BACDD28821A1F09571F",
            "default_hostname": "yuri-bot-t-app.azurewebsites.net",
            "enabled": true,
            "ftp_publish_basic_authentication_enabled": true,
            "hosting_environment_id": "",
            "https_only": false,
            "id": "/subscriptions/250ae9c3-6c33-4030-b72a-ed22fce22920/resourceGroups/yuri-bot-t-group/providers/Microsoft.Web/sites/yuri-bot-t-app",
            "identity": [],
            "key_vault_reference_identity_id": "SystemAssigned",
            "kind": "app",
            "location": "eastus2",
            "logs": [],
            "name": "yuri-bot-t-app",
            "outbound_ip_address_list": [
              "52.184.238.83",
              "52.184.238.144",
              "52.184.238.154",
              "52.184.238.161",
              "52.242.111.235",
              "52.254.41.27",
              "20.119.136.4"
            ],
            "outbound_ip_addresses": "52.184.238.83,52.184.238.144,52.184.238.154,52.184.238.161,52.242.111.235,52.254.41.27,20.119.136.4",
            "possible_outbound_ip_address_list": [
              "52.184.238.83",
              "52.184.238.144",
              "52.184.238.154",
              "52.184.238.161",
              "52.242.111.235",
              "52.254.41.27",
              "52.254.41.28",
              "52.254.41.45",
              "52.254.41.98",
              "52.232.229.247",
              "52.254.41.167",
              "52.254.41.168",
              "52.254.41.209",
              "52.254.41.222",
              "52.254.41.246",
              "52.254.41.248",
              "52.254.41.254",
              "52.254.42.12",
              "52.254.42.87",
              "52.254.42.136",
              "52.254.42.138",
              "52.254.42.193",
              "52.254.42.245",
              "52.254.43.61",
              "52.254.43.121",
              "52.254.43.148",
              "52.254.43.161",
              "52.254.43.194",
              "52.254.43.223",
              "52.254.43.255",
              "20.119.136.4"
            ],
            "possible_outbound_ip_addresses": "52.184.238.83,52.184.238.144,52.184.238.154,52.184.238.161,52.242.111.235,52.254.41.27,52.254.41.28,52.254.41.45,52.254.41.98,52.232.229.247,52.254.41.167,52.254.41.168,52.254.41.209,52.254.41.222,52.254.41.246,52.254.41.248,52.254.41.254,52.254.42.12,52.254.42.87,52.254.42.136,52.254.42.138,52.254.42.193,52.254.42.245,52.254.43.61,52.254.43.121,52.254.43.148,52.254.43.161,52.254.43.194,52.254.43.223,52.254.43.255,20.119.136.4",
            "public_network_access_enabled": true,
            "resource_group_name": "yuri-bot-t-group",
            "service_plan_id": "/subscriptions/250ae9c3-6c33-4030-b72a-ed22fce22920/resourceGroups/yuri-bot-t-group/providers/Microsoft.Web/serverFarms/yuri-bot-t-sp",
            "site_config": [
              {
                "always_on": false,
                "api_definition_url": "",
                "api_management_api_id": "",
                "app_command_line": "",
                "application_stack": [
                  {
                    "current_stack": "",
                    "docker_image_name": "",
                    "docker_registry_password": "",
                    "docker_registry_url": "",
                    "docker_registry_username": "",
                    "dotnet_core_version": "",
                    "dotnet_version": "v4.0",
                    "java_container": "",
                    "java_container_version": "",
                    "java_embedded_server_enabled": false,
                    "java_version": "",
                    "node_version": "",
                    "php_version": "5.6",
                    "python": false,
                    "tomcat_version": ""
                  }
                ],
                "auto_heal_setting": [],
                "container_registry_managed_identity_client_id": "",
                "container_registry_use_managed_identity": false,
                "cors": [],
                "default_documents": [
                  "Default.htm",
                  "Default.html",
                  "Default.asp",
                  "index.htm",
                  "index.html",
                  "iisstart.htm",
                  "default.aspx",
                  "index.php",
                  "hostingstart.html"
                ],
                "detailed_error_logging_enabled": false,
                "ftps_state": "Disabled",
                "handler_mapping": [],
                "health_check_eviction_time_in_min": 0,
                "health_check_path": "",
                "http2_enabled": false,
                "ip_restriction": [],
                "ip_restriction_default_action": "Allow",
                "linux_fx_version": "",
                "load_balancing_mode": "LeastRequests",
                "local_mysql_enabled": false,
                "managed_pipeline_mode": "Integrated",
                "minimum_tls_version": "1.2",
                "remote_debugging_enabled": false,
                "remote_debugging_version": "VS2022",
                "scm_ip_restriction": [],
                "scm_ip_restriction_default_action": "Allow",
                "scm_minimum_tls_version": "1.2",
                "scm_type": "None",
                "scm_use_main_ip_restriction": false,
                "use_32_bit_worker": true,
                "virtual_application": [],
                "vnet_route_all_enabled": false,
                "websockets_enabled": false,
                "windows_fx_version": "",
                "worker_count": 1
              }
            ],
            "site_credential": [
              {
                "name": "$yuri-bot-t-app",
                "password": "zRrjS9cF3ZF4dbgfrJ0kFl2Pd9itcZL16LjidBwzvBcFeeceznMZjovBgmql"
              }
            ],
            "sticky_settings": [],
            "storage_account": [],
            "tags": {},
            "timeouts": null,
            "virtual_network_subnet_id": "",
            "webdeploy_publish_basic_authentication_enabled": true,
            "zip_deploy_file": ""
          },
          "sensitive_attributes": [
            [
              {
                "type": "get_attr",
                "value": "site_credential"
              }
            ],
            [
              {
                "type": "get_attr",
                "value": "site_config"
              },
              {
                "type": "index",
                "value": {
                  "value": 0,
                  "type": "number"
                }
              },
              {
                "type": "get_attr",
                "value": "application_stack"
              },
              {
                "type": "index",
                "value": {
                  "value": 0,
                  "type": "number"
                }
              },
              {
                "type": "get_attr",
                "value": "docker_registry_password"
              }
            ],
            [
              {
                "type": "get_attr",
                "value": "custom_domain_verification_id"
              }
            ]
          ],
          "private": "eyJlMmJmYjczMC1lY2FhLTExZTYtOGY4OC0zNDM2M2JjN2M0YzAiOnsiY3JlYXRlIjoxODAwMDAwMDAwMDAwLCJkZWxldGUiOjE4MDAwMDAwMDAwMDAsInJlYWQiOjMwMDAwMDAwMDAwMCwidXBkYXRlIjoxODAwMDAwMDAwMDAwfSwic2NoZW1hX3ZlcnNpb24iOiIxIn0=",
          "dependencies": [
            "azurerm_resource_group.yuri-bot-t-group",
            "azurerm_service_plan.yuri-bot-t-sp"
          ]
        }
      ]
    },
    {
      "mode": "managed",
      "type": "azurerm_windows_web_app_slot",
      "name": "yuri-bot-t-app-QA",
      "provider": "provider[\"registry.terraform.io/hashicorp/azurerm\"]",
      "instances": [
        {
          "schema_version": 1,
          "attributes": {
            "app_service_id": "/subscriptions/250ae9c3-6c33-4030-b72a-ed22fce22920/resourceGroups/yuri-bot-t-group/providers/Microsoft.Web/sites/yuri-bot-t-app",
            "app_settings": null,
            "auth_settings": [],
            "auth_settings_v2": [],
            "backup": [],
            "client_affinity_enabled": false,
            "client_certificate_enabled": false,
            "client_certificate_exclusion_paths": "",
            "client_certificate_mode": "Required",
            "connection_string": [],
            "custom_domain_verification_id": "A20FD1DD24553625936AB5B41DE2EF7587D48487C39A0BACDD28821A1F09571F",
            "default_hostname": "yuri-bot-t-app-yuri-bot-t-app-qa.azurewebsites.net",
            "enabled": true,
            "ftp_publish_basic_authentication_enabled": true,
            "hosting_environment_id": "",
            "https_only": false,
            "id": "/subscriptions/250ae9c3-6c33-4030-b72a-ed22fce22920/resourceGroups/yuri-bot-t-group/providers/Microsoft.Web/sites/yuri-bot-t-app/slots/yuri-bot-t-app-QA",
            "identity": [],
            "key_vault_reference_identity_id": "SystemAssigned",
            "kind": "app",
            "logs": [],
            "name": "yuri-bot-t-app-QA",
            "outbound_ip_address_list": [
              "52.184.238.83",
              "52.184.238.144",
              "52.184.238.154",
              "52.184.238.161",
              "52.242.111.235",
              "52.254.41.27",
              "20.119.136.4"
            ],
            "outbound_ip_addresses": "52.184.238.83,52.184.238.144,52.184.238.154,52.184.238.161,52.242.111.235,52.254.41.27,20.119.136.4",
            "possible_outbound_ip_address_list": [
              "52.184.238.83",
              "52.184.238.144",
              "52.184.238.154",
              "52.184.238.161",
              "52.242.111.235",
              "52.254.41.27",
              "52.254.41.28",
              "52.254.41.45",
              "52.254.41.98",
              "52.232.229.247",
              "52.254.41.167",
              "52.254.41.168",
              "52.254.41.209",
              "52.254.41.222",
              "52.254.41.246",
              "52.254.41.248",
              "52.254.41.254",
              "52.254.42.12",
              "52.254.42.87",
              "52.254.42.136",
              "52.254.42.138",
              "52.254.42.193",
              "52.254.42.245",
              "52.254.43.61",
              "52.254.43.121",
              "52.254.43.148",
              "52.254.43.161",
              "52.254.43.194",
              "52.254.43.223",
              "52.254.43.255",
              "20.119.136.4"
            ],
            "possible_outbound_ip_addresses": "52.184.238.83,52.184.238.144,52.184.238.154,52.184.238.161,52.242.111.235,52.254.41.27,52.254.41.28,52.254.41.45,52.254.41.98,52.232.229.247,52.254.41.167,52.254.41.168,52.254.41.209,52.254.41.222,52.254.41.246,52.254.41.248,52.254.41.254,52.254.42.12,52.254.42.87,52.254.42.136,52.254.42.138,52.254.42.193,52.254.42.245,52.254.43.61,52.254.43.121,52.254.43.148,52.254.43.161,52.254.43.194,52.254.43.223,52.254.43.255,20.119.136.4",
            "public_network_access_enabled": true,
            "service_plan_id": "",
            "site_config": [
              {
                "always_on": true,
                "api_definition_url": "",
                "api_management_api_id": "",
                "app_command_line": "",
                "application_stack": [
                  {
                    "current_stack": "",
                    "docker_image_name": "",
                    "docker_registry_password": "",
                    "docker_registry_url": "",
                    "docker_registry_username": "",
                    "dotnet_core_version": "",
                    "dotnet_version": "v4.0",
                    "java_container": "",
                    "java_container_version": "",
                    "java_embedded_server_enabled": false,
                    "java_version": "",
                    "node_version": "",
                    "php_version": "5.6",
                    "python": false,
                    "tomcat_version": ""
                  }
                ],
                "auto_heal_setting": [],
                "auto_swap_slot_name": "",
                "container_registry_managed_identity_client_id": "",
                "container_registry_use_managed_identity": false,
                "cors": [],
                "default_documents": [
                  "Default.htm",
                  "Default.html",
                  "Default.asp",
                  "index.htm",
                  "index.html",
                  "iisstart.htm",
                  "default.aspx",
                  "index.php",
                  "hostingstart.html"
                ],
                "detailed_error_logging_enabled": false,
                "ftps_state": "Disabled",
                "handler_mapping": [],
                "health_check_eviction_time_in_min": 0,
                "health_check_path": "",
                "http2_enabled": false,
                "ip_restriction": [],
                "ip_restriction_default_action": "Allow",
                "load_balancing_mode": "LeastRequests",
                "local_mysql_enabled": false,
                "managed_pipeline_mode": "Integrated",
                "minimum_tls_version": "1.2",
                "remote_debugging_enabled": false,
                "remote_debugging_version": "VS2022",
                "scm_ip_restriction": [],
                "scm_ip_restriction_default_action": "Allow",
                "scm_minimum_tls_version": "1.2",
                "scm_type": "None",
                "scm_use_main_ip_restriction": false,
                "use_32_bit_worker": false,
                "virtual_application": [],
                "vnet_route_all_enabled": false,
                "websockets_enabled": false,
                "windows_fx_version": "",
                "worker_count": 1
              }
            ],
            "site_credential": [
              {
                "name": "$yuri-bot-t-app__yuri-bot-t-app-QA",
                "password": "hT0A5RpNqWSTq1DZPEEjBCuofq4PvMuajnqZJ6RQRfjNhtaGEWn7hffpl8sM"
              }
            ],
            "storage_account": [],
            "tags": null,
            "timeouts": null,
            "virtual_network_subnet_id": "",
            "webdeploy_publish_basic_authentication_enabled": true,
            "zip_deploy_file": ""
          },
          "sensitive_attributes": [
            [
              {
                "type": "get_attr",
                "value": "site_config"
              },
              {
                "type": "index",
                "value": {
                  "value": 0,
                  "type": "number"
                }
              },
              {
                "type": "get_attr",
                "value": "application_stack"
              },
              {
                "type": "index",
                "value": {
                  "value": 0,
                  "type": "number"
                }
              },
              {
                "type": "get_attr",
                "value": "docker_registry_password"
              }
            ],
            [
              {
                "type": "get_attr",
                "value": "site_credential"
              }
            ],
            [
              {
                "type": "get_attr",
                "value": "custom_domain_verification_id"
              }
            ]
          ],
          "private": "eyJlMmJmYjczMC1lY2FhLTExZTYtOGY4OC0zNDM2M2JjN2M0YzAiOnsiY3JlYXRlIjoxODAwMDAwMDAwMDAwLCJkZWxldGUiOjE4MDAwMDAwMDAwMDAsInJlYWQiOjMwMDAwMDAwMDAwMCwidXBkYXRlIjoxODAwMDAwMDAwMDAwfSwic2NoZW1hX3ZlcnNpb24iOiIxIn0=",
          "dependencies": [
            "azurerm_resource_group.yuri-bot-t-group",
            "azurerm_service_plan.yuri-bot-t-sp",
            "azurerm_windows_web_app.yuri-bot-t-app"
          ]
        }
      ]
    }
  ],
  "check_results": null
}
